# THIS IS AN AUTOGENERATED FILE. DO NOT EDIT THIS FILE DIRECTLY.
# yarn lockfile v1


"@assemblyscript/loader@^0.19.17":
  version "0.19.17"
  resolved "https://registry.yarnpkg.com/@assemblyscript/loader/-/loader-0.19.17.tgz#53acafdb5a88a6d87ee99689e38b83be2c5c226a"
  integrity sha512-V2lrYgii5Qy81v4lZq+FeT8X30UcwCkB5aZJ/U/2GHCBxrjiriBLRybr9SI+8Id/H7vMaWcOgq2iBf9PXVaeXQ==

"@weavery/clarity@^0.1.5":
  version "0.1.5"
  resolved "https://registry.yarnpkg.com/@weavery/clarity/-/clarity-0.1.5.tgz#f06bbb0dac7c63c6e2ccd76cda3e8b32b57f82c2"
  integrity sha512-0ms2/sBx+uyW3EmXte5otIzNVAXpfJ3lBl6FS8JuLdWmPU6SxiAoGTMUT0N0SL3Ogiz2PZt6NV+mfApbSvYBaQ==

arconnect@^0.2.8:
  version "0.2.9"
  resolved "https://registry.yarnpkg.com/arconnect/-/arconnect-0.2.9.tgz#be07d2281f20d864a91cdcb44e3eed7fccb97f12"
  integrity sha512-Us49eN/+8l6BrkAPdXnJVPwWlxxUPR7QaBjA0j3OBAcioIFRpwTdoPN9FxtwDGN91lgM6ebOudTXJToRiNizoA==
  dependencies:
    arweave "^1.10.13"

arweave-multihost@^0.1.0:
  version "0.1.0"
  resolved "https://registry.yarnpkg.com/arweave-multihost/-/arweave-multihost-0.1.0.tgz#6f5dd1f42638dad8414cb20c0a19fee0a6a59844"
  integrity sha512-biIkzQ3oc4RLV1MORQnqWz51IazP++K/8SsYMjUokK0cUfBLqom4pufKFCjTkGQIZMWWanXxnZqL66hHPgTCgA==
  dependencies:
    arweave "^1.10.15"
    axios "^0.21.1"

arweave@^1.10.13, arweave@^1.10.15, arweave@^1.10.16, arweave@^1.10.18:
  version "1.10.18"
  resolved "https://registry.yarnpkg.com/arweave/-/arweave-1.10.18.tgz#3042edd1afa52b7c3caeacf88271758232c7b866"
  integrity sha512-i3pKBkLtU1Jl9RtJ9A6zgz8QqF5FZy7YA+qGQ9i2Zug171p29FTDZhN+KlRcVBg8sEgd1DKyecCCYJZ3K6Jdfg==
  dependencies:
    arconnect "^0.2.8"
    asn1.js "^5.4.1"
    axios "^0.22.0"
    base64-js "^1.3.1"
    bignumber.js "^9.0.1"

as-string-sink@^0.4.2:
  version "0.4.2"
  resolved "https://registry.yarnpkg.com/as-string-sink/-/as-string-sink-0.4.2.tgz#e3d51fe8c3810d61b6ff2b5259fdd168b56d6bd9"
  integrity sha512-eOuOYPUwwv4QumoJIa7XxyS0OjXI6CyZz2dtba/hTeG5hzhq58HzAPD2FbHhjfYUXQaSAacFnJ9g2Zlfw56LgQ==

asn1.js@^5.4.1:
  version "5.4.1"
  resolved "https://registry.yarnpkg.com/asn1.js/-/asn1.js-5.4.1.tgz#11a980b84ebb91781ce35b0fdc2ee294e3783f07"
  integrity sha512-+I//4cYPccV8LdmBLiX8CYvf9Sp3vQsrqu2QNXRcrbiWvcx/UdlFiqUJJzxRQxgsZmvhXhn4cSKeSmoFjVdupA==
  dependencies:
    bn.js "^4.0.0"
    inherits "^2.0.1"
    minimalistic-assert "^1.0.0"
    safer-buffer "^2.1.0"

assemblyscript@^0.19.18:
  version "0.19.18"
  resolved "https://registry.yarnpkg.com/assemblyscript/-/assemblyscript-0.19.18.tgz#ecaf05791978428c87e16854b35382e7c08cec66"
  integrity sha512-y/7IufNwjmIorfLPS2+hIG89cFpZMYCakO/dX2EG8qI2ucEA2VIfh786s5j15w7nJU+VwKgr6K80xjUZO3rvFA==
  dependencies:
    binaryen "101.0.0-nightly.20210904"
    long "^4.0.0"

asyncify-wasm@^1.2.1:
  version "1.2.1"
  resolved "https://registry.yarnpkg.com/asyncify-wasm/-/asyncify-wasm-1.2.1.tgz#a15c0480e858619a4f971e44e6fc05c49015d9e8"
  integrity sha512-ZS7tZ8H8EVbUxAZnkKHvMt9UkYoALue2jwrVl7cnLByjq+1MRrbq7rL5TS+EHQduwkfXD/cNZNa+I0ZyLEBBRQ==

axios@^0.21.1, axios@^0.21.4:
  version "0.21.4"
  resolved "https://registry.yarnpkg.com/axios/-/axios-0.21.4.tgz#c67b90dc0568e5c1cf2b0b858c43ba28e2eda575"
  integrity sha512-ut5vewkiu8jjGBdqpM44XxjuCjq9LAKeHVmoVfHVzy8eHgxxq8SbAVQNovDA8mVi05kP0Ea/n/UzcSHcTJQfNg==
  dependencies:
    follow-redirects "^1.14.0"

axios@^0.22.0:
  version "0.22.0"
  resolved "https://registry.yarnpkg.com/axios/-/axios-0.22.0.tgz#bf702c41fb50fbca4539589d839a077117b79b25"
  integrity sha512-Z0U3uhqQeg1oNcihswf4ZD57O3NrR1+ZXhxaROaWpDmsDTx7T2HNBV2ulBtie2hwJptu8UvgnJoK+BIqdzh/1w==
  dependencies:
    follow-redirects "^1.14.4"

base64-js@^1.3.1:
  version "1.5.1"
  resolved "https://registry.yarnpkg.com/base64-js/-/base64-js-1.5.1.tgz#1b1b440160a5bf7ad40b650f095963481903930a"
  integrity sha512-AKpaYlHn8t4SVbOHCy+b5+KKgvR4vrsD8vbvrbiQJps7fKDTkjkDry6ji0rUJjC0kzbNePLwzxq8iypo41qeWA==

bignumber.js@^9.0.1:
  version "9.0.1"
  resolved "https://registry.yarnpkg.com/bignumber.js/-/bignumber.js-9.0.1.tgz#8d7ba124c882bfd8e43260c67475518d0689e4e5"
  integrity sha512-IdZR9mh6ahOBv/hYGiXyVuyCetmGJhtYkqLBpTStdhEGjegpPlUawydyaF3pbIOFynJTpllEs+NP+CS9jKFLjA==

binaryen@101.0.0-nightly.20210904:
  version "101.0.0-nightly.20210904"
  resolved "https://registry.yarnpkg.com/binaryen/-/binaryen-101.0.0-nightly.20210904.tgz#58a7990d6d64b16567f376a1fe47d8aea6698b14"
  integrity sha512-2AvJhErttuoMvgNcYPPpPy7C12PSvDdtZWtEeX/Otm/Vtf4ePvBpT3UIA00hGAh8HNaGr+dzFNstxTUvjNwZTg==

bn.js@^4.0.0:
  version "4.12.0"
  resolved "https://registry.yarnpkg.com/bn.js/-/bn.js-4.12.0.tgz#775b3f278efbb9718eec7361f483fb36fbbfea88"
  integrity sha512-c98Bf3tPniI+scsdk237ku1Dc3ujXQTSgyiPUDEOe7tRkhrqridvh8klBv0HCEso1OLOYcHuCv/cS6DNxKH+ZA==

bson@^4.5.0:
  version "4.5.4"
  resolved "https://registry.yarnpkg.com/bson/-/bson-4.5.4.tgz#5f74f1e11f743ea8aec30b5e24bfddae82846873"
  integrity sha512-wIt0bPACnx8Ju9r6IsS2wVtGDHBr9Dxb+U29A1YED2pu8XOhS8aKjOnLZ8sxyXkPwanoK7iWWVhS1+coxde6xA==
  dependencies:
    buffer "^5.6.0"

buffer-from@^1.0.0:
  version "1.1.2"
  resolved "https://registry.yarnpkg.com/buffer-from/-/buffer-from-1.1.2.tgz#2b146a6fd72e80b4f55d255f35ed59a3a9a41bd5"
  integrity sha512-E+XQCRwSbaaiChtv6k6Dwgc+bx+Bs6vuKJHHl5kox/BaKbhiXzqQOwK4cO22yElGp2OCmjwVhT3HmxgyPGnJfQ==

buffer@^5.6.0:
  version "5.7.1"
  resolved "https://registry.yarnpkg.com/buffer/-/buffer-5.7.1.tgz#ba62e7c13133053582197160851a8f648e99eed0"
  integrity sha512-EHcyIPBQ4BSGlvjB16k5KgAJ27CIsHY/2JBmCRReo48y9rQ3MaUzWX3KVlBa4U7MyX02HdVj0K7C3WaB3ju7FQ==
  dependencies:
    base64-js "^1.3.1"
    ieee754 "^1.1.13"

follow-redirects@^1.14.0, follow-redirects@^1.14.4:
  version "1.14.5"
  resolved "https://registry.yarnpkg.com/follow-redirects/-/follow-redirects-1.14.5.tgz#f09a5848981d3c772b5392309778523f8d85c381"
  integrity sha512-wtphSXy7d4/OR+MvIFbCVBDzZ5520qV8XfPklSN5QtxuMUJZ+b0Wnst1e1lCDocfzuCkHqj8k0FpZqO+UIaKNA==

ieee754@^1.1.13:
  version "1.2.1"
  resolved "https://registry.yarnpkg.com/ieee754/-/ieee754-1.2.1.tgz#8eb7a10a63fff25d15a57b001586d177d1b0d352"
  integrity sha512-dcyqhDvX1C46lXZcVqCpK+FtMRQVdIMN6/Df5js2zouUsqG7I6sFxitIC+7KYK29KdXOLHdu9zL4sFnoVQnqaA==

inherits@^2.0.1:
  version "2.0.4"
  resolved "https://registry.yarnpkg.com/inherits/-/inherits-2.0.4.tgz#0fa2c64f932917c3433a0ded55363aae37416b7c"
  integrity sha512-k/vGaX4/Yla3WzyMCvTQOXYeIHvqOKtnqBduzTHpzpQZzAskKMhZ2K+EnBiSM9zGSoIFeMpXKxa4dYeZIQqewQ==

json-as@^0.2.6:
  version "0.2.6"
  resolved "https://registry.yarnpkg.com/json-as/-/json-as-0.2.6.tgz#4598b1b038a99fac2ebce3cfb0d126b7b346de29"
  integrity sha512-adGnfJB57eQwVnw0yP3b0yUBhRWa9QUr/JDAgjYV2yvbl5ckV9P3ARAGwXywiZhOE854k1zL29vB7uGRZhM0cQ==
  dependencies:
    as-string-sink "^0.4.2"

json-beautify@^1.1.1:
  version "1.1.1"
  resolved "https://registry.yarnpkg.com/json-beautify/-/json-beautify-1.1.1.tgz#8a1ed511ad5d52ca63ed29f7c61896c6a6ebbb9f"
  integrity sha512-17j+Hk2lado0xqKtUcyAjK0AtoHnPSIgktWRsEXgdFQFG9UnaGw6CHa0J7xsvulxRpFl6CrkDFHght1p5ZJc4A==

lodash.clonedeep@^4.5.0:
  version "4.5.0"
  resolved "https://registry.yarnpkg.com/lodash.clonedeep/-/lodash.clonedeep-4.5.0.tgz#e23f3f9c4f8fbdde872529c1071857a086e5ccef"
  integrity sha1-4j8/nE+Pvd6HJSnBBxhXoIblzO8=

long@^4.0.0:
  version "4.0.0"
  resolved "https://registry.yarnpkg.com/long/-/long-4.0.0.tgz#9a7b71cfb7d361a194ea555241c92f7468d5bf28"
  integrity sha512-XsP+KhQif4bjX1kbuSiySJFNAehNxgLb6hPRGJ9QsUr8ajHkuXGdrHmFUTUUXhDwVX2R5bY4JNZEwbUiMhV+MA==

minimalistic-assert@^1.0.0:
  version "1.0.1"
  resolved "https://registry.yarnpkg.com/minimalistic-assert/-/minimalistic-assert-1.0.1.tgz#2e194de044626d4a10e7f7fbc00ce73e83e4d5c7"
  integrity sha512-UtJcAD4yEaGtjPezWuO9wC4nwUnVH/8/Im3yEHQP4b67cXlD/Qr9hdITCU1xDbSEXg2XKNaP8jsReV7vQd00/A==

redstone-smartweave@0.3.10-alpha.19:
  version "0.3.10-alpha.19"
  resolved "https://registry.yarnpkg.com/redstone-smartweave/-/redstone-smartweave-0.3.10-alpha.19.tgz#3b5acd5943371d43cf43427322c9726fc9312a1c"
  integrity sha512-QL4OtSh0R+ip7D+obkoZm0Uvp1UKhk+DbbxlFVcdEV3QI3fwD/0wkClbFq6XZueJdOWkcPp6xA2VgUcmAVQ7qQ==
  dependencies:
    "@weavery/clarity" "^0.1.5"
    arweave "^1.10.16"
    arweave-multihost "^0.1.0"
    axios "^0.21.4"
    bignumber.js "^9.0.1"
    bson "^4.5.0"
    json-beautify "^1.1.1"
    tslog "^3.2.2"

safer-buffer@^2.1.0:
  version "2.1.2"
  resolved "https://registry.yarnpkg.com/safer-buffer/-/safer-buffer-2.1.2.tgz#44fa161b0187b9549dd84bb91802f9bd8385cd6a"
  integrity sha512-YZo3K82SD7Riyi0E1EQPojLz7kpepnSQI9IyPbHHg1XXXevb5dJI7tpyN2ADxGcQbHG7vcyRHk0cbwqcQriUtg==

source-map-support@^0.5.19:
  version "0.5.20"
  resolved "https://registry.yarnpkg.com/source-map-support/-/source-map-support-0.5.20.tgz#12166089f8f5e5e8c56926b377633392dd2cb6c9"
  integrity sha512-n1lZZ8Ve4ksRqizaBQgxXDgKwttHDhyfQjA6YZZn8+AroHbsIz+JjwxQDxbp+7y5OYCI8t1Yk7etjD9CRd2hIw==
  dependencies:
    buffer-from "^1.0.0"
    source-map "^0.6.0"

source-map@^0.6.0:
  version "0.6.1"
  resolved "https://registry.yarnpkg.com/source-map/-/source-map-0.6.1.tgz#74722af32e9614e9c287a8d0bbde48b5e2f1a263"
  integrity sha512-UjgapumWlbMhkBgzT7Ykc5YXUT46F0iKu8SGXq0bcwP5dz/h0Plj6enJqjz1Zbq2l5WaqYnrVbwWOWMyF3F47g==

ts-mixer@^5.4.1:
  version "5.4.1"
  resolved "https://registry.yarnpkg.com/ts-mixer/-/ts-mixer-5.4.1.tgz#b90db9ced48531aa17ce9184a2890d1e3c99b1e5"
  integrity sha512-Zo9HgPCtNouDgJ+LGtrzVOjSg8+7WGQktIKLwAfaNrlOK1mWGlz1ejsAF/YqUEqAGjUTeB5fEg8gH9Aui6w9xA==

tslog@^3.2.2:
  version "3.2.2"
  resolved "https://registry.yarnpkg.com/tslog/-/tslog-3.2.2.tgz#5bbaa1fab685c4273e59b38064227321a69a0694"
  integrity sha512-8dwb1cYpj3/w/MZTrSkPrdlA44loUodGT8N6ULMojqV4YByVM7ynhvVs9JwcIYxhhHf4bz1C5O3NKIPehnGp/w==
  dependencies:
    source-map-support "^0.5.19"

visitor-as@^0.6.0:
  version "0.6.0"
  resolved "https://registry.yarnpkg.com/visitor-as/-/visitor-as-0.6.0.tgz#b0cca3c918bd9d396545faf08529d2b9ba968a40"
  integrity sha512-4WcnwCLXWjhNkwJj9gSqh46sdIv9CyIvnSuwr61OOfrGCtN2mKcW5KE828OeEr1rYjEy0Z/CIdPBJKJRLsUgDA==
  dependencies:
    lodash.clonedeep "^4.5.0"
    ts-mixer "^5.4.1"
