# THIS IS AN AUTOGENERATED FILE. DO NOT EDIT THIS FILE DIRECTLY.
# yarn lockfile v1


"@assemblyscript/loader@^0.19.17":
  version "0.19.17"
  resolved "https://registry.yarnpkg.com/@assemblyscript/loader/-/loader-0.19.17.tgz#53acafdb5a88a6d87ee99689e38b83be2c5c226a"
  integrity sha512-V2lrYgii5Qy81v4lZq+FeT8X30UcwCkB5aZJ/U/2GHCBxrjiriBLRybr9SI+8Id/H7vMaWcOgq2iBf9PXVaeXQ==

as-string-sink@^0.4.2:
  version "0.4.2"
  resolved "https://registry.yarnpkg.com/as-string-sink/-/as-string-sink-0.4.2.tgz#e3d51fe8c3810d61b6ff2b5259fdd168b56d6bd9"
  integrity sha512-eOuOYPUwwv4QumoJIa7XxyS0OjXI6CyZz2dtba/hTeG5hzhq58HzAPD2FbHhjfYUXQaSAacFnJ9g2Zlfw56LgQ==

assemblyscript@^0.19.18:
  version "0.19.18"
  resolved "https://registry.yarnpkg.com/assemblyscript/-/assemblyscript-0.19.18.tgz#ecaf05791978428c87e16854b35382e7c08cec66"
  integrity sha512-y/7IufNwjmIorfLPS2+hIG89cFpZMYCakO/dX2EG8qI2ucEA2VIfh786s5j15w7nJU+VwKgr6K80xjUZO3rvFA==
  dependencies:
    binaryen "101.0.0-nightly.20210904"
    long "^4.0.0"

binaryen@101.0.0-nightly.20210904:
  version "101.0.0-nightly.20210904"
  resolved "https://registry.yarnpkg.com/binaryen/-/binaryen-101.0.0-nightly.20210904.tgz#58a7990d6d64b16567f376a1fe47d8aea6698b14"
  integrity sha512-2AvJhErttuoMvgNcYPPpPy7C12PSvDdtZWtEeX/Otm/Vtf4ePvBpT3UIA00hGAh8HNaGr+dzFNstxTUvjNwZTg==

json-as@^0.2.6:
  version "0.2.6"
  resolved "https://registry.yarnpkg.com/json-as/-/json-as-0.2.6.tgz#4598b1b038a99fac2ebce3cfb0d126b7b346de29"
  integrity sha512-adGnfJB57eQwVnw0yP3b0yUBhRWa9QUr/JDAgjYV2yvbl5ckV9P3ARAGwXywiZhOE854k1zL29vB7uGRZhM0cQ==
  dependencies:
    as-string-sink "^0.4.2"

lodash.clonedeep@^4.5.0:
  version "4.5.0"
  resolved "https://registry.yarnpkg.com/lodash.clonedeep/-/lodash.clonedeep-4.5.0.tgz#e23f3f9c4f8fbdde872529c1071857a086e5ccef"
  integrity sha1-4j8/nE+Pvd6HJSnBBxhXoIblzO8=

long@^4.0.0:
  version "4.0.0"
  resolved "https://registry.yarnpkg.com/long/-/long-4.0.0.tgz#9a7b71cfb7d361a194ea555241c92f7468d5bf28"
  integrity sha512-XsP+KhQif4bjX1kbuSiySJFNAehNxgLb6hPRGJ9QsUr8ajHkuXGdrHmFUTUUXhDwVX2R5bY4JNZEwbUiMhV+MA==

ts-mixer@^5.4.1:
  version "5.4.1"
  resolved "https://registry.yarnpkg.com/ts-mixer/-/ts-mixer-5.4.1.tgz#b90db9ced48531aa17ce9184a2890d1e3c99b1e5"
  integrity sha512-Zo9HgPCtNouDgJ+LGtrzVOjSg8+7WGQktIKLwAfaNrlOK1mWGlz1ejsAF/YqUEqAGjUTeB5fEg8gH9Aui6w9xA==

visitor-as@^0.6.0:
  version "0.6.0"
  resolved "https://registry.yarnpkg.com/visitor-as/-/visitor-as-0.6.0.tgz#b0cca3c918bd9d396545faf08529d2b9ba968a40"
  integrity sha512-4WcnwCLXWjhNkwJj9gSqh46sdIv9CyIvnSuwr61OOfrGCtN2mKcW5KE828OeEr1rYjEy0Z/CIdPBJKJRLsUgDA==
  dependencies:
    lodash.clonedeep "^4.5.0"
    ts-mixer "^5.4.1"
