# THIS IS AN AUTOGENERATED FILE. DO NOT EDIT THIS FILE DIRECTLY.
# yarn lockfile v1


"@assemblyscript/loader@^0.19.17":
  version "0.19.17"
  resolved "https://registry.yarnpkg.com/@assemblyscript/loader/-/loader-0.19.17.tgz#53acafdb5a88a6d87ee99689e38b83be2c5c226a"
  integrity sha512-V2lrYgii5Qy81v4lZq+FeT8X30UcwCkB5aZJ/U/2GHCBxrjiriBLRybr9SI+8Id/H7vMaWcOgq2iBf9PXVaeXQ==

assemblyscript@^0.19.18:
  version "0.19.18"
  resolved "https://registry.yarnpkg.com/assemblyscript/-/assemblyscript-0.19.18.tgz#ecaf05791978428c87e16854b35382e7c08cec66"
  integrity sha512-y/7IufNwjmIorfLPS2+hIG89cFpZMYCakO/dX2EG8qI2ucEA2VIfh786s5j15w7nJU+VwKgr6K80xjUZO3rvFA==
  dependencies:
    binaryen "101.0.0-nightly.20210904"
    long "^4.0.0"

binaryen@101.0.0-nightly.20210904:
  version "101.0.0-nightly.20210904"
  resolved "https://registry.yarnpkg.com/binaryen/-/binaryen-101.0.0-nightly.20210904.tgz#58a7990d6d64b16567f376a1fe47d8aea6698b14"
  integrity sha512-2AvJhErttuoMvgNcYPPpPy7C12PSvDdtZWtEeX/Otm/Vtf4ePvBpT3UIA00hGAh8HNaGr+dzFNstxTUvjNwZTg==

long@^4.0.0:
  version "4.0.0"
  resolved "https://registry.yarnpkg.com/long/-/long-4.0.0.tgz#9a7b71cfb7d361a194ea555241c92f7468d5bf28"
  integrity sha512-XsP+KhQif4bjX1kbuSiySJFNAehNxgLb6hPRGJ9QsUr8ajHkuXGdrHmFUTUUXhDwVX2R5bY4JNZEwbUiMhV+MA==
